
Microsoft Visual Studio Solution File, Format Version 12.00
# Visual Studio Version 17
VisualStudioVersion = 17.9.34607.119
MinimumVisualStudioVersion = 10.0.40219.1
Project("{FAE04EC0-301F-11D3-BF4B-00C04F79EFBC}") = "BirthdayApp", "BirthdayApp\BirthdayApp.csproj", "{9E3C6D43-E60E-48A1-B7B6-5AB665BE260B}"
EndProject
Global
	GlobalSection(SolutionConfigurationPlatforms) = preSolution
		Debug|Any CPU = Debug|Any CPU
		Release|Any CPU = Release|Any CPU
	EndGlobalSection
	GlobalSection(ProjectConfigurationPlatforms) = postSolution
		{9E3C6D43-E60E-48A1-B7B6-5AB665BE260B}.Debug|Any CPU.ActiveCfg = Debug|Any CPU
		{9E3C6D43-E60E-48A1-B7B6-5AB665BE260B}.Debug|Any CPU.Build.0 = Debug|Any CPU
		{9E3C6D43-E60E-48A1-B7B6-5AB665BE260B}.Release|Any CPU.ActiveCfg = Release|Any CPU
		{9E3C6D43-E60E-48A1-B7B6-5AB665BE260B}.Release|Any CPU.Build.0 = Release|Any CPU
	EndGlobalSection
	GlobalSection(SolutionProperties) = preSolution
		HideSolutionNode = FALSE
	EndGlobalSection
	GlobalSection(ExtensibilityGlobals) = postSolution
		SolutionGuid = {FBF36F28-C395-45AE-BE72-96F8B0E29E83}
	EndGlobalSection
EndGlobal
