
Microsoft Visual Studio Solution File, Format Version 12.00
# Visual Studio Version 17
VisualStudioVersion = 17.9.34607.119
MinimumVisualStudioVersion = 10.0.40219.1
Project("{FAE04EC0-301F-11D3-BF4B-00C04F79EFBC}") = "PersonApp", "PersonApp\PersonApp.csproj", "{D39837D8-5E4A-47A5-925F-5AFC190D6615}"
EndProject
Global
	GlobalSection(SolutionConfigurationPlatforms) = preSolution
		Debug|Any CPU = Debug|Any CPU
		Release|Any CPU = Release|Any CPU
	EndGlobalSection
	GlobalSection(ProjectConfigurationPlatforms) = postSolution
		{D39837D8-5E4A-47A5-925F-5AFC190D6615}.Debug|Any CPU.ActiveCfg = Debug|Any CPU
		{D39837D8-5E4A-47A5-925F-5AFC190D6615}.Debug|Any CPU.Build.0 = Debug|Any CPU
		{D39837D8-5E4A-47A5-925F-5AFC190D6615}.Release|Any CPU.ActiveCfg = Release|Any CPU
		{D39837D8-5E4A-47A5-925F-5AFC190D6615}.Release|Any CPU.Build.0 = Release|Any CPU
	EndGlobalSection
	GlobalSection(SolutionProperties) = preSolution
		HideSolutionNode = FALSE
	EndGlobalSection
	GlobalSection(ExtensibilityGlobals) = postSolution
		SolutionGuid = {9802A9B8-A2C0-4701-AE1F-271E859C8D48}
	EndGlobalSection
EndGlobal
